// !$*UTF8*$!
{
	archiveVersion = 1;
	classes = {
	};
	objectVersion = 46;
	objects = {

/* Begin PBXBuildFile section */
		490B51CA1DF13D8B00A47FEE /* AppDelegate.swift in Sources */ = {isa = PBXBuildFile; fileRef = 490B51C91DF13D8B00A47FEE /* AppDelegate.swift */; };
		490B51CF1DF13D8B00A47FEE /* Main.storyboard in Resources */ = {isa = PBXBuildFile; fileRef = 490B51CD1DF13D8B00A47FEE /* Main.storyboard */; };
		490B51D11DF13D8B00A47FEE /* Assets.xcassets in Resources */ = {isa = PBXBuildFile; fileRef = 490B51D01DF13D8B00A47FEE /* Assets.xcassets */; };
		490B51D41DF13D8B00A47FEE /* LaunchScreen.storyboard in Resources */ = {isa = PBXBuildFile; fileRef = 490B51D21DF13D8B00A47FEE /* LaunchScreen.storyboard */; };
		490B51DE1DF1E83000A47FEE /* ViewController.swift in Sources */ = {isa = PBXBuildFile; fileRef = 490B51DD1DF1E83000A47FEE /* ViewController.swift */; };
/* End PBXBuildFile section */

/* Begin PBXFileReference section */
		490B51C61DF13D8A00A47FEE /* pictures.app */ = {isa = PBXFileReference; explicitFileType = wrapper.application; includeInIndex = 0; path = pictures.app; sourceTree = BUILT_PRODUCTS_DIR; };
		490B51C91DF13D8B00A47FEE /* AppDelegate.swift */ = {isa = PBXFileReference; lastKnownFileType = sourcecode.swift; path = AppDelegate.swift; sourceTree = "<group>"; };
		490B51CE1DF13D8B00A47FEE /* Base */ = {isa = PBXFileReference; lastKnownFileType = file.storyboard; name = Base; path = Base.lproj/Main.storyboard; sourceTree = "<group>"; };
		490B51D01DF13D8B00A47FEE /* Assets.xcassets */ = {isa = PBXFileReference; lastKnownFileType = folder.assetcatalog; path = Assets.xcassets; sourceTree = "<group>"; };
		490B51D31DF13D8B00A47FEE /* Base */ = {isa = PBXFileReference; lastKnownFileType = file.storyboard; name = Base; path = Base.lproj/LaunchScreen.storyboard; sourceTree = "<group>"; };
		490B51D51DF13D8B00A47FEE /* Info.plist */ = {isa = PBXFileReference; lastKnownFileType = text.plist.xml; path = Info.plist; sourceTree = "<group>"; };
		490B51DD1DF1E83000A47FEE /* ViewController.swift */ = {isa = PBXFileReference; fileEncoding = 4; lastKnownFileType = sourcecode.swift; path = ViewController.swift; sourceTree = "<group>"; };
/* End PBXFileReference section */

/* Begin PBXFrameworksBuildPhase section */
		490B51C31DF13D8A00A47FEE /* Frameworks */ = {
			isa = PBXFrameworksBuildPhase;
			buildActionMask = 2147483647;
			files = (
			);
			runOnlyForDeploymentPostprocessing = 0;
		};
/* End PBXFrameworksBuildPhase section */

/* Begin PBXGroup section */
		490B51BD1DF13D8A00A47FEE = {
			isa = PBXGroup;
			children = (
				490B51C81DF13D8B00A47FEE /* pictures */,
				490B51C71DF13D8A00A47FEE /* Products */,
			);
			sourceTree = "<group>";
		};
		490B51C71DF13D8A00A47FEE /* Products */ = {
			isa = PBXGroup;
			children = (
				490B51C61DF13D8A00A47FEE /* pictures.app */,
			);
			name = Products;
			sourceTree = "<group>";
		};
		490B51C81DF13D8B00A47FEE /* pictures */ = {
			isa = PBXGroup;
			children = (
				490B51C91DF13D8B00A47FEE /* AppDelegate.swift */,
				490B51DD1DF1E83000A47FEE /* ViewController.swift */,
				490B51CD1DF13D8B00A47FEE /* Main.storyboard */,
				490B51D01DF13D8B00A47FEE /* Assets.xcassets */,
				490B51D21DF13D8B00A47FEE /* LaunchScreen.storyboard */,
				490B51D51DF13D8B00A47FEE /* Info.plist */,
			);
			path = pictures;
			sourceTree = "<group>";
		};
/* End PBXGroup section */

/* Begin PBXNativeTarget section */
		490B51C51DF13D8A00A47FEE /* pictures */ = {
			isa = PBXNativeTarget;
			buildConfigurationList = 490B51D81DF13D8B00A47FEE /* Build configuration list for PBXNativeTarget "pictures" */;
			buildPhases = (
				490B51C21DF13D8A00A47FEE /* Sources */,
				490B51C31DF13D8A00A47FEE /* Frameworks */,
				490B51C41DF13D8A00A47FEE /* Resources */,
			);
			buildRules = (
			);
			dependencies = (
			);
			name = pictures;
			productName = pictures;
			productReference = 490B51C61DF13D8A00A47FEE /* pictures.app */;
			productType = "com.apple.product-type.application";
		};
/* End PBXNativeTarget section */

/* Begin PBXProject section */
		490B51BE1DF13D8A00A47FEE /* Project object */ = {
			isa = PBXProject;
			attributes = {
				LastSwiftUpdateCheck = 0810;
				LastUpgradeCheck = 0810;
				ORGANIZATIONNAME = YugeTech;
				TargetAttributes = {
					490B51C51DF13D8A00A47FEE = {
						CreatedOnToolsVersion = 8.1;
						DevelopmentTeam = 43B5CQKAZ4;
						ProvisioningStyle = Automatic;
					};
				};
			};
			buildConfigurationList = 490B51C11DF13D8A00A47FEE /* Build configuration list for PBXProject "pictures" */;
			compatibilityVersion = "Xcode 3.2";
			developmentRegion = English;
			hasScannedForEncodings = 0;
			knownRegions = (
				en,
				Base,
			);
			mainGroup = 490B51BD1DF13D8A00A47FEE;
			productRefGroup = 490B51C71DF13D8A00A47FEE /* Products */;
			projectDirPath = "";
			projectRoot = "";
			targets = (
				490B51C51DF13D8A00A47FEE /* pictures */,
			);
		};
/* End PBXProject section */

/* Begin PBXResourcesBuildPhase section */
		490B51C41DF13D8A00A47FEE /* Resources */ = {
			isa = PBXResourcesBuildPhase;
			buildActionMask = 2147483647;
			files = (
				490B51D41DF13D8B00A47FEE /* LaunchScreen.storyboard in Resources */,
				490B51D11DF13D8B00A47FEE /* Assets.xcassets in Resources */,
				490B51CF1DF13D8B00A47FEE /* Main.storyboard in Resources */,
			);
			runOnlyForDeploymentPostprocessing = 0;
		};
/* End PBXResourcesBuildPhase section */

/* Begin PBXSourcesBuildPhase section */
		490B51C21DF13D8A00A47FEE /* Sources */ = {
			isa = PBXSourcesBuildPhase;
			buildActionMask = 2147483647;
			files = (
				490B51DE1DF1E83000A47FEE /* ViewController.swift in Sources */,
				490B51CA1DF13D8B00A47FEE /* AppDelegate.swift in Sources */,
			);
			runOnlyForDeploymentPostprocessing = 0;
		};
/* End PBXSourcesBuildPhase section */

/* Begin PBXVariantGroup section */
		490B51CD1DF13D8B00A47FEE /* Main.storyboard */ = {
			isa = PBXVariantGroup;
			children = (
				490B51CE1DF13D8B00A47FEE /* Base */,
			);
			name = Main.storyboard;
			sourceTree = "<group>";
		};
		490B51D21DF13D8B00A47FEE /* LaunchScreen.storyboard */ = {
			isa = PBXVariantGroup;
			children = (
				490B51D31DF13D8B00A47FEE /* Base */,
			);
			name = LaunchScreen.storyboard;
			sourceTree = "<group>";
		};
/* End PBXVariantGroup section */

/* Begin XCBuildConfiguration section */
		490B51D61DF13D8B00A47FEE /* Debug */ = {
			isa = XCBuildConfiguration;
			buildSettings = {
				ALWAYS_SEARCH_USER_PATHS = NO;
				CLANG_ANALYZER_NONNULL = YES;
				CLANG_CXX_LANGUAGE_STANDARD = "gnu++0x";
				CLANG_CXX_LIBRARY = "libc++";
				CLANG_ENABLE_MODULES = YES;
				CLANG_ENABLE_OBJC_ARC = YES;
				CLANG_WARN_BOOL_CONVERSION = YES;
				CLANG_WARN_CONSTANT_CONVERSION = YES;
				CLANG_WARN_DIRECT_OBJC_ISA_USAGE = YES_ERROR;
				CLANG_WARN_DOCUMENTATION_COMMENTS = YES;
				CLANG_WARN_EMPTY_BODY = YES;
				CLANG_WARN_ENUM_CONVERSION = YES;
				CLANG_WARN_INFINITE_RECURSION = YES;
				CLANG_WARN_INT_CONVERSION = YES;
				CLANG_WARN_OBJC_ROOT_CLASS = YES_ERROR;
				CLANG_WARN_SUSPICIOUS_MOVES = YES;
				CLANG_WARN_UNREACHABLE_CODE = YES;
				CLANG_WARN__DUPLICATE_METHOD_MATCH = YES;
				"CODE_SIGN_IDENTITY[sdk=iphoneos*]" = "iPhone Developer";
				COPY_PHASE_STRIP = NO;
				DEBUG_INFORMATION_FORMAT = dwarf;
				ENABLE_STRICT_OBJC_MSGSEND = YES;
				ENABLE_TESTABILITY = YES;
				GCC_C_LANGUAGE_STANDARD = gnu99;
				GCC_DYNAMIC_NO_PIC = NO;
				GCC_NO_COMMON_BLOCKS = YES;
				GCC_OPTIMIZATION_LEVEL = 0;
				GCC_PREPROCESSOR_DEFINITIONS = (
					"DEBUG=1",
					"$(inherited)",
				);
				GCC_WARN_64_TO_32_BIT_CONVERSION = YES;
				GCC_WARN_ABOUT_RETURN_TYPE = YES_ERROR;
				GCC_WARN_UNDECLARED_SELECTOR = YES;
				GCC_WARN_UNINITIALIZED_AUTOS = YES_AGGRESSIVE;
				GCC_WARN_UNUSED_FUNCTION = YES;
				GCC_WARN_UNUSED_VARIABLE = YES;
				IPHONEOS_DEPLOYMENT_TARGET = 10.1;
				MTL_ENABLE_DEBUG_INFO = YES;
				ONLY_ACTIVE_ARCH = YES;
				SDKROOT = iphoneos;
				SWIFT_ACTIVE_COMPILATION_CONDITIONS = DEBUG;
				SWIFT_OPTIMIZATION_LEVEL = "-Onone";
			};
			name = Debug;
		};
		490B51D71DF13D8B00A47FEE /* Release */ = {
			isa = XCBuildConfiguration;
			buildSettings = {
				ALWAYS_SEARCH_USER_PATHS = NO;
				CLANG_ANALYZER_NONNULL = YES;
				CLANG_CXX_LANGUAGE_STANDARD = "gnu++0x";
				CLANG_CXX_LIBRARY = "libc++";
				CLANG_ENABLE_MODULES = YES;
				CLANG_ENABLE_OBJC_ARC = YES;
				CLANG_WARN_BOOL_CONVERSION = YES;
				CLANG_WARN_CONSTANT_CONVERSION = YES;
				CLANG_WARN_DIRECT_OBJC_ISA_USAGE = YES_ERROR;
				CLANG_WARN_DOCUMENTATION_COMMENTS = YES;
				CLANG_WARN_EMPTY_BODY = YES;
				CLANG_WARN_ENUM_CONVERSION = YES;
				CLANG_WARN_INFINITE_RECURSION = YES;
				CLANG_WARN_INT_CONVERSION = YES;
				CLANG_WARN_OBJC_ROOT_CLASS = YES_ERROR;
				CLANG_WARN_SUSPICIOUS_MOVES = YES;
				CLANG_WARN_UNREACHABLE_CODE = YES;
				CLANG_WARN__DUPLICATE_METHOD_MATCH = YES;
				"CODE_SIGN_IDENTITY[sdk=iphoneos*]" = "iPhone Developer";
				COPY_PHASE_STRIP = NO;
				DEBUG_INFORMATION_FORMAT = "dwarf-with-dsym";
				ENABLE_NS_ASSERTIONS = NO;
				ENABLE_STRICT_OBJC_MSGSEND = YES;
				GCC_C_LANGUAGE_STANDARD = gnu99;
				GCC_NO_COMMON_BLOCKS = YES;
				GCC_WARN_64_TO_32_BIT_CONVERSION = YES;
				GCC_WARN_ABOUT_RETURN_TYPE = YES_ERROR;
				GCC_WARN_UNDECLARED_SELECTOR = YES;
				GCC_WARN_UNINITIALIZED_AUTOS = YES_AGGRESSIVE;
				GCC_WARN_UNUSED_FUNCTION = YES;
				GCC_WARN_UNUSED_VARIABLE = YES;
				IPHONEOS_DEPLOYMENT_TARGET = 10.1;
				MTL_ENABLE_DEBUG_INFO = NO;
				SDKROOT = iphoneos;
				SWIFT_OPTIMIZATION_LEVEL = "-Owholemodule";
				VALIDATE_PRODUCT = YES;
			};
			name = Release;
		};
		490B51D91DF13D8B00A47FEE /* Debug */ = {
			isa = XCBuildConfiguration;
			buildSettings = {
				ASSETCATALOG_COMPILER_APPICON_NAME = AppIcon;
				DEVELOPMENT_TEAM = 43B5CQKAZ4;
				INFOPLIST_FILE = pictures/Info.plist;
				LD_RUNPATH_SEARCH_PATHS = "$(inherited) @executable_path/Frameworks";
				PRODUCT_BUNDLE_IDENTIFIER = com.yugetech.pictures;
				PRODUCT_NAME = "$(TARGET_NAME)";
				SWIFT_VERSION = 3.0;
			};
			name = Debug;
		};
		490B51DA1DF13D8B00A47FEE /* Release */ = {
			isa = XCBuildConfiguration;
			buildSettings = {
				ASSETCATALOG_COMPILER_APPICON_NAME = AppIcon;
				DEVELOPMENT_TEAM = 43B5CQKAZ4;
				INFOPLIST_FILE = pictures/Info.plist;
				LD_RUNPATH_SEARCH_PATHS = "$(inherited) @executable_path/Frameworks";
				PRODUCT_BUNDLE_IDENTIFIER = com.yugetech.pictures;
				PRODUCT_NAME = "$(TARGET_NAME)";
				SWIFT_VERSION = 3.0;
			};
			name = Release;
		};
/* End XCBuildConfiguration section */

/* Begin XCConfigurationList section */
		490B51C11DF13D8A00A47FEE /* Build configuration list for PBXProject "pictures" */ = {
			isa = XCConfigurationList;
			buildConfigurations = (
				490B51D61DF13D8B00A47FEE /* Debug */,
				490B51D71DF13D8B00A47FEE /* Release */,
			);
			defaultConfigurationIsVisible = 0;
			defaultConfigurationName = Release;
		};
		490B51D81DF13D8B00A47FEE /* Build configuration list for PBXNativeTarget "pictures" */ = {
			isa = XCConfigurationList;
			buildConfigurations = (
				490B51D91DF13D8B00A47FEE /* Debug */,
				490B51DA1DF13D8B00A47FEE /* Release */,
			);
			defaultConfigurationIsVisible = 0;
		};
/* End XCConfigurationList section */
	};
	rootObject = 490B51BE1DF13D8A00A47FEE /* Project object */;
}
